
Microsoft Visual Studio Solution File, Format Version 12.00
# Visual Studio 15
VisualStudioVersion = 15.0.28307.705
MinimumVisualStudioVersion = 10.0.40219.1
Project("{9A19103F-16F7-4668-BE54-9A1E7A4F7556}") = "AyoWebAPI", "AyoWebAPI\AyoWebAPI.csproj", "{6A651155-A0D1-4F66-9122-A1BC3F5BF346}"
EndProject
Project("{FAE04EC0-301F-11D3-BF4B-00C04F79EFBC}") = "AyoWebAPITest", "AyoWebAPITest\AyoWebAPITest.csproj", "{261BCCB3-DCD5-4D4D-B11E-E6B3AABE5C14}"
EndProject
Global
	GlobalSection(SolutionConfigurationPlatforms) = preSolution
		Debug|Any CPU = Debug|Any CPU
		Release|Any CPU = Release|Any CPU
	EndGlobalSection
	GlobalSection(ProjectConfigurationPlatforms) = postSolution
		{6A651155-A0D1-4F66-9122-A1BC3F5BF346}.Debug|Any CPU.ActiveCfg = Debug|Any CPU
		{6A651155-A0D1-4F66-9122-A1BC3F5BF346}.Debug|Any CPU.Build.0 = Debug|Any CPU
		{6A651155-A0D1-4F66-9122-A1BC3F5BF346}.Release|Any CPU.ActiveCfg = Release|Any CPU
		{6A651155-A0D1-4F66-9122-A1BC3F5BF346}.Release|Any CPU.Build.0 = Release|Any CPU
		{261BCCB3-DCD5-4D4D-B11E-E6B3AABE5C14}.Debug|Any CPU.ActiveCfg = Debug|Any CPU
		{261BCCB3-DCD5-4D4D-B11E-E6B3AABE5C14}.Debug|Any CPU.Build.0 = Debug|Any CPU
		{261BCCB3-DCD5-4D4D-B11E-E6B3AABE5C14}.Release|Any CPU.ActiveCfg = Release|Any CPU
		{261BCCB3-DCD5-4D4D-B11E-E6B3AABE5C14}.Release|Any CPU.Build.0 = Release|Any CPU
	EndGlobalSection
	GlobalSection(SolutionProperties) = preSolution
		HideSolutionNode = FALSE
	EndGlobalSection
	GlobalSection(ExtensibilityGlobals) = postSolution
		SolutionGuid = {26C07FBE-427C-474B-AA92-92230C7F88CC}
	EndGlobalSection
EndGlobal
